// !$*UTF8*$!
{
	archiveVersion = 1;
	classes = {
	};
	objectVersion = 56;
	objects = {

/* Begin PBXBuildFile section */
		027BA4D42CEDFBA500DABD30 /* AppDelegate.swift in Sources */ = {isa = PBXBuildFile; fileRef = 027BA4D32CEDFBA500DABD30 /* AppDelegate.swift */; };
		027BA4D62CEDFBA500DABD30 /* SceneDelegate.swift in Sources */ = {isa = PBXBuildFile; fileRef = 027BA4D52CEDFBA500DABD30 /* SceneDelegate.swift */; };
		027BA4DD2CEDFBA600DABD30 /* Assets.xcassets in Resources */ = {isa = PBXBuildFile; fileRef = 027BA4DC2CEDFBA600DABD30 /* Assets.xcassets */; };
		027BA4E02CEDFBA600DABD30 /* Base in Resources */ = {isa = PBXBuildFile; fileRef = 027BA4DF2CEDFBA600DABD30 /* Base */; };
		02D5B9822CEE00BE00FECD96 /* NeonSDK in Frameworks */ = {isa = PBXBuildFile; productRef = 02D5B9812CEE00BE00FECD96 /* NeonSDK */; };
		02D5B9842CEE025900FECD96 /* OnboardingVC.swift in Sources */ = {isa = PBXBuildFile; fileRef = 02D5B9832CEE025900FECD96 /* OnboardingVC.swift */; };
		02D5B9862CEE026200FECD96 /* HomeVC.swift in Sources */ = {isa = PBXBuildFile; fileRef = 02D5B9852CEE026200FECD96 /* HomeVC.swift */; };
		02D5B9882CEE026D00FECD96 /* PaywallVC.swift in Sources */ = {isa = PBXBuildFile; fileRef = 02D5B9872CEE026D00FECD96 /* PaywallVC.swift */; };
/* End PBXBuildFile section */

/* Begin PBXFileReference section */
		027BA4D02CEDFBA500DABD30 /* mathSolver.app */ = {isa = PBXFileReference; explicitFileType = wrapper.application; includeInIndex = 0; path = mathSolver.app; sourceTree = BUILT_PRODUCTS_DIR; };
		027BA4D32CEDFBA500DABD30 /* AppDelegate.swift */ = {isa = PBXFileReference; lastKnownFileType = sourcecode.swift; path = AppDelegate.swift; sourceTree = "<group>"; };
		027BA4D52CEDFBA500DABD30 /* SceneDelegate.swift */ = {isa = PBXFileReference; lastKnownFileType = sourcecode.swift; path = SceneDelegate.swift; sourceTree = "<group>"; };
		027BA4DC2CEDFBA600DABD30 /* Assets.xcassets */ = {isa = PBXFileReference; lastKnownFileType = folder.assetcatalog; path = Assets.xcassets; sourceTree = "<group>"; };
		027BA4DF2CEDFBA600DABD30 /* Base */ = {isa = PBXFileReference; lastKnownFileType = file.storyboard; name = Base; path = Base.lproj/LaunchScreen.storyboard; sourceTree = "<group>"; };
		027BA4E12CEDFBA600DABD30 /* Info.plist */ = {isa = PBXFileReference; lastKnownFileType = text.plist.xml; path = Info.plist; sourceTree = "<group>"; };
		02D5B9832CEE025900FECD96 /* OnboardingVC.swift */ = {isa = PBXFileReference; lastKnownFileType = sourcecode.swift; path = OnboardingVC.swift; sourceTree = "<group>"; };
		02D5B9852CEE026200FECD96 /* HomeVC.swift */ = {isa = PBXFileReference; lastKnownFileType = sourcecode.swift; path = HomeVC.swift; sourceTree = "<group>"; };
		02D5B9872CEE026D00FECD96 /* PaywallVC.swift */ = {isa = PBXFileReference; lastKnownFileType = sourcecode.swift; path = PaywallVC.swift; sourceTree = "<group>"; };
/* End PBXFileReference section */

/* Begin PBXFrameworksBuildPhase section */
		027BA4CD2CEDFBA500DABD30 /* Frameworks */ = {
			isa = PBXFrameworksBuildPhase;
			buildActionMask = 2147483647;
			files = (
				02D5B9822CEE00BE00FECD96 /* NeonSDK in Frameworks */,
			);
			runOnlyForDeploymentPostprocessing = 0;
		};
/* End PBXFrameworksBuildPhase section */

/* Begin PBXGroup section */
		027BA4C72CEDFBA500DABD30 = {
			isa = PBXGroup;
			children = (
				027BA4D22CEDFBA500DABD30 /* mathSolver */,
				027BA4D12CEDFBA500DABD30 /* Products */,
			);
			sourceTree = "<group>";
		};
		027BA4D12CEDFBA500DABD30 /* Products */ = {
			isa = PBXGroup;
			children = (
				027BA4D02CEDFBA500DABD30 /* mathSolver.app */,
			);
			name = Products;
			sourceTree = "<group>";
		};
		027BA4D22CEDFBA500DABD30 /* mathSolver */ = {
			isa = PBXGroup;
			children = (
				02D5B98E2CEE054300FECD96 /* Application */,
				02D5B98F2CEE054800FECD96 /* Resources */,
				02D5B9902CEE06E400FECD96 /* Model */,
				02D5B9912CEE06EB00FECD96 /* ViewModel */,
				02D5B9922CEE06EE00FECD96 /* View */,
			);
			path = mathSolver;
			sourceTree = "<group>";
		};
		02D5B98E2CEE054300FECD96 /* Application */ = {
			isa = PBXGroup;
			children = (
				027BA4D32CEDFBA500DABD30 /* AppDelegate.swift */,
				027BA4D52CEDFBA500DABD30 /* SceneDelegate.swift */,
				027BA4DE2CEDFBA600DABD30 /* LaunchScreen.storyboard */,
				027BA4E12CEDFBA600DABD30 /* Info.plist */,
			);
			path = Application;
			sourceTree = "<group>";
		};
		02D5B98F2CEE054800FECD96 /* Resources */ = {
			isa = PBXGroup;
			children = (
				027BA4DC2CEDFBA600DABD30 /* Assets.xcassets */,
			);
			path = Resources;
			sourceTree = "<group>";
		};
		02D5B9902CEE06E400FECD96 /* Model */ = {
			isa = PBXGroup;
			children = (
			);
			path = Model;
			sourceTree = "<group>";
		};
		02D5B9912CEE06EB00FECD96 /* ViewModel */ = {
			isa = PBXGroup;
			children = (
			);
			path = ViewModel;
			sourceTree = "<group>";
		};
		02D5B9922CEE06EE00FECD96 /* View */ = {
			isa = PBXGroup;
			children = (
				02D5B9832CEE025900FECD96 /* OnboardingVC.swift */,
				02D5B9872CEE026D00FECD96 /* PaywallVC.swift */,
				02D5B9852CEE026200FECD96 /* HomeVC.swift */,
			);
			path = View;
			sourceTree = "<group>";
		};
/* End PBXGroup section */

/* Begin PBXNativeTarget section */
		027BA4CF2CEDFBA500DABD30 /* mathSolver */ = {
			isa = PBXNativeTarget;
			buildConfigurationList = 027BA4E42CEDFBA600DABD30 /* Build configuration list for PBXNativeTarget "mathSolver" */;
			buildPhases = (
				027BA4CC2CEDFBA500DABD30 /* Sources */,
				027BA4CD2CEDFBA500DABD30 /* Frameworks */,
				027BA4CE2CEDFBA500DABD30 /* Resources */,
			);
			buildRules = (
			);
			dependencies = (
			);
			name = mathSolver;
			packageProductDependencies = (
				02D5B9812CEE00BE00FECD96 /* NeonSDK */,
			);
			productName = mathSolver;
			productReference = 027BA4D02CEDFBA500DABD30 /* mathSolver.app */;
			productType = "com.apple.product-type.application";
		};
/* End PBXNativeTarget section */

/* Begin PBXProject section */
		027BA4C82CEDFBA500DABD30 /* Project object */ = {
			isa = PBXProject;
			attributes = {
				BuildIndependentTargetsInParallel = 1;
				LastSwiftUpdateCheck = 1540;
				LastUpgradeCheck = 1540;
				TargetAttributes = {
					027BA4CF2CEDFBA500DABD30 = {
						CreatedOnToolsVersion = 15.4;
					};
				};
			};
			buildConfigurationList = 027BA4CB2CEDFBA500DABD30 /* Build configuration list for PBXProject "mathSolver" */;
			compatibilityVersion = "Xcode 14.0";
			developmentRegion = en;
			hasScannedForEncodings = 0;
			knownRegions = (
				en,
				Base,
			);
			mainGroup = 027BA4C72CEDFBA500DABD30;
			packageReferences = (
				02D5B9802CEE00BE00FECD96 /* XCRemoteSwiftPackageReference "neon-sdk" */,
			);
			productRefGroup = 027BA4D12CEDFBA500DABD30 /* Products */;
			projectDirPath = "";
			projectRoot = "";
			targets = (
				027BA4CF2CEDFBA500DABD30 /* mathSolver */,
			);
		};
/* End PBXProject section */

/* Begin PBXResourcesBuildPhase section */
		027BA4CE2CEDFBA500DABD30 /* Resources */ = {
			isa = PBXResourcesBuildPhase;
			buildActionMask = 2147483647;
			files = (
				027BA4DD2CEDFBA600DABD30 /* Assets.xcassets in Resources */,
				027BA4E02CEDFBA600DABD30 /* Base in Resources */,
			);
			runOnlyForDeploymentPostprocessing = 0;
		};
/* End PBXResourcesBuildPhase section */

/* Begin PBXSourcesBuildPhase section */
		027BA4CC2CEDFBA500DABD30 /* Sources */ = {
			isa = PBXSourcesBuildPhase;
			buildActionMask = 2147483647;
			files = (
				02D5B9882CEE026D00FECD96 /* PaywallVC.swift in Sources */,
				02D5B9862CEE026200FECD96 /* HomeVC.swift in Sources */,
				02D5B9842CEE025900FECD96 /* OnboardingVC.swift in Sources */,
				027BA4D42CEDFBA500DABD30 /* AppDelegate.swift in Sources */,
				027BA4D62CEDFBA500DABD30 /* SceneDelegate.swift in Sources */,
			);
			runOnlyForDeploymentPostprocessing = 0;
		};
/* End PBXSourcesBuildPhase section */

/* Begin PBXVariantGroup section */
		027BA4DE2CEDFBA600DABD30 /* LaunchScreen.storyboard */ = {
			isa = PBXVariantGroup;
			children = (
				027BA4DF2CEDFBA600DABD30 /* Base */,
			);
			name = LaunchScreen.storyboard;
			sourceTree = "<group>";
		};
/* End PBXVariantGroup section */

/* Begin XCBuildConfiguration section */
		027BA4E22CEDFBA600DABD30 /* Debug */ = {
			isa = XCBuildConfiguration;
			buildSettings = {
				ALWAYS_SEARCH_USER_PATHS = NO;
				ASSETCATALOG_COMPILER_GENERATE_SWIFT_ASSET_SYMBOL_EXTENSIONS = YES;
				CLANG_ANALYZER_NONNULL = YES;
				CLANG_ANALYZER_NUMBER_OBJECT_CONVERSION = YES_AGGRESSIVE;
				CLANG_CXX_LANGUAGE_STANDARD = "gnu++20";
				CLANG_ENABLE_MODULES = YES;
				CLANG_ENABLE_OBJC_ARC = YES;
				CLANG_ENABLE_OBJC_WEAK = YES;
				CLANG_WARN_BLOCK_CAPTURE_AUTORELEASING = YES;
				CLANG_WARN_BOOL_CONVERSION = YES;
				CLANG_WARN_COMMA = YES;
				CLANG_WARN_CONSTANT_CONVERSION = YES;
				CLANG_WARN_DEPRECATED_OBJC_IMPLEMENTATIONS = YES;
				CLANG_WARN_DIRECT_OBJC_ISA_USAGE = YES_ERROR;
				CLANG_WARN_DOCUMENTATION_COMMENTS = YES;
				CLANG_WARN_EMPTY_BODY = YES;
				CLANG_WARN_ENUM_CONVERSION = YES;
				CLANG_WARN_INFINITE_RECURSION = YES;
				CLANG_WARN_INT_CONVERSION = YES;
				CLANG_WARN_NON_LITERAL_NULL_CONVERSION = YES;
				CLANG_WARN_OBJC_IMPLICIT_RETAIN_SELF = YES;
				CLANG_WARN_OBJC_LITERAL_CONVERSION = YES;
				CLANG_WARN_OBJC_ROOT_CLASS = YES_ERROR;
				CLANG_WARN_QUOTED_INCLUDE_IN_FRAMEWORK_HEADER = YES;
				CLANG_WARN_RANGE_LOOP_ANALYSIS = YES;
				CLANG_WARN_STRICT_PROTOTYPES = YES;
				CLANG_WARN_SUSPICIOUS_MOVE = YES;
				CLANG_WARN_UNGUARDED_AVAILABILITY = YES_AGGRESSIVE;
				CLANG_WARN_UNREACHABLE_CODE = YES;
				CLANG_WARN__DUPLICATE_METHOD_MATCH = YES;
				COPY_PHASE_STRIP = NO;
				DEBUG_INFORMATION_FORMAT = dwarf;
				ENABLE_STRICT_OBJC_MSGSEND = YES;
				ENABLE_TESTABILITY = YES;
				ENABLE_USER_SCRIPT_SANDBOXING = YES;
				GCC_C_LANGUAGE_STANDARD = gnu17;
				GCC_DYNAMIC_NO_PIC = NO;
				GCC_NO_COMMON_BLOCKS = YES;
				GCC_OPTIMIZATION_LEVEL = 0;
				GCC_PREPROCESSOR_DEFINITIONS = (
					"DEBUG=1",
					"$(inherited)",
				);
				GCC_WARN_64_TO_32_BIT_CONVERSION = YES;
				GCC_WARN_ABOUT_RETURN_TYPE = YES_ERROR;
				GCC_WARN_UNDECLARED_SELECTOR = YES;
				GCC_WARN_UNINITIALIZED_AUTOS = YES_AGGRESSIVE;
				GCC_WARN_UNUSED_FUNCTION = YES;
				GCC_WARN_UNUSED_VARIABLE = YES;
				IPHONEOS_DEPLOYMENT_TARGET = 17.5;
				LOCALIZATION_PREFERS_STRING_CATALOGS = YES;
				MTL_ENABLE_DEBUG_INFO = INCLUDE_SOURCE;
				MTL_FAST_MATH = YES;
				ONLY_ACTIVE_ARCH = YES;
				SDKROOT = iphoneos;
				SWIFT_ACTIVE_COMPILATION_CONDITIONS = "DEBUG $(inherited)";
				SWIFT_OPTIMIZATION_LEVEL = "-Onone";
			};
			name = Debug;
		};
		027BA4E32CEDFBA600DABD30 /* Release */ = {
			isa = XCBuildConfiguration;
			buildSettings = {
				ALWAYS_SEARCH_USER_PATHS = NO;
				ASSETCATALOG_COMPILER_GENERATE_SWIFT_ASSET_SYMBOL_EXTENSIONS = YES;
				CLANG_ANALYZER_NONNULL = YES;
				CLANG_ANALYZER_NUMBER_OBJECT_CONVERSION = YES_AGGRESSIVE;
				CLANG_CXX_LANGUAGE_STANDARD = "gnu++20";
				CLANG_ENABLE_MODULES = YES;
				CLANG_ENABLE_OBJC_ARC = YES;
				CLANG_ENABLE_OBJC_WEAK = YES;
				CLANG_WARN_BLOCK_CAPTURE_AUTORELEASING = YES;
				CLANG_WARN_BOOL_CONVERSION = YES;
				CLANG_WARN_COMMA = YES;
				CLANG_WARN_CONSTANT_CONVERSION = YES;
				CLANG_WARN_DEPRECATED_OBJC_IMPLEMENTATIONS = YES;
				CLANG_WARN_DIRECT_OBJC_ISA_USAGE = YES_ERROR;
				CLANG_WARN_DOCUMENTATION_COMMENTS = YES;
				CLANG_WARN_EMPTY_BODY = YES;
				CLANG_WARN_ENUM_CONVERSION = YES;
				CLANG_WARN_INFINITE_RECURSION = YES;
				CLANG_WARN_INT_CONVERSION = YES;
				CLANG_WARN_NON_LITERAL_NULL_CONVERSION = YES;
				CLANG_WARN_OBJC_IMPLICIT_RETAIN_SELF = YES;
				CLANG_WARN_OBJC_LITERAL_CONVERSION = YES;
				CLANG_WARN_OBJC_ROOT_CLASS = YES_ERROR;
				CLANG_WARN_QUOTED_INCLUDE_IN_FRAMEWORK_HEADER = YES;
				CLANG_WARN_RANGE_LOOP_ANALYSIS = YES;
				CLANG_WARN_STRICT_PROTOTYPES = YES;
				CLANG_WARN_SUSPICIOUS_MOVE = YES;
				CLANG_WARN_UNGUARDED_AVAILABILITY = YES_AGGRESSIVE;
				CLANG_WARN_UNREACHABLE_CODE = YES;
				CLANG_WARN__DUPLICATE_METHOD_MATCH = YES;
				COPY_PHASE_STRIP = NO;
				DEBUG_INFORMATION_FORMAT = "dwarf-with-dsym";
				ENABLE_NS_ASSERTIONS = NO;
				ENABLE_STRICT_OBJC_MSGSEND = YES;
				ENABLE_USER_SCRIPT_SANDBOXING = YES;
				GCC_C_LANGUAGE_STANDARD = gnu17;
				GCC_NO_COMMON_BLOCKS = YES;
				GCC_WARN_64_TO_32_BIT_CONVERSION = YES;
				GCC_WARN_ABOUT_RETURN_TYPE = YES_ERROR;
				GCC_WARN_UNDECLARED_SELECTOR = YES;
				GCC_WARN_UNINITIALIZED_AUTOS = YES_AGGRESSIVE;
				GCC_WARN_UNUSED_FUNCTION = YES;
				GCC_WARN_UNUSED_VARIABLE = YES;
				IPHONEOS_DEPLOYMENT_TARGET = 17.5;
				LOCALIZATION_PREFERS_STRING_CATALOGS = YES;
				MTL_ENABLE_DEBUG_INFO = NO;
				MTL_FAST_MATH = YES;
				SDKROOT = iphoneos;
				SWIFT_COMPILATION_MODE = wholemodule;
				VALIDATE_PRODUCT = YES;
			};
			name = Release;
		};
		027BA4E52CEDFBA600DABD30 /* Debug */ = {
			isa = XCBuildConfiguration;
			buildSettings = {
				ASSETCATALOG_COMPILER_APPICON_NAME = AppIcon;
				ASSETCATALOG_COMPILER_GLOBAL_ACCENT_COLOR_NAME = AccentColor;
				CODE_SIGN_STYLE = Automatic;
				CURRENT_PROJECT_VERSION = 1;
				DEVELOPMENT_TEAM = XS5B289466;
				GENERATE_INFOPLIST_FILE = YES;
				INFOPLIST_FILE = mathSolver/Application/Info.plist;
				INFOPLIST_KEY_LSApplicationCategoryType = "public.app-category.finance";
				INFOPLIST_KEY_UIApplicationSupportsIndirectInputEvents = YES;
				INFOPLIST_KEY_UILaunchStoryboardName = LaunchScreen;
				INFOPLIST_KEY_UISupportedInterfaceOrientations = UIInterfaceOrientationPortrait;
				IPHONEOS_DEPLOYMENT_TARGET = 15.0;
				LD_RUNPATH_SEARCH_PATHS = (
					"$(inherited)",
					"@executable_path/Frameworks",
				);
				MARKETING_VERSION = 1.0;
				PRODUCT_BUNDLE_IDENTIFIER = com.ffk.mathSolver;
				PRODUCT_NAME = "$(TARGET_NAME)";
				SWIFT_EMIT_LOC_STRINGS = YES;
				SWIFT_VERSION = 5.0;
				TARGETED_DEVICE_FAMILY = "1,2";
			};
			name = Debug;
		};
		027BA4E62CEDFBA600DABD30 /* Release */ = {
			isa = XCBuildConfiguration;
			buildSettings = {
				ASSETCATALOG_COMPILER_APPICON_NAME = AppIcon;
				ASSETCATALOG_COMPILER_GLOBAL_ACCENT_COLOR_NAME = AccentColor;
				CODE_SIGN_STYLE = Automatic;
				CURRENT_PROJECT_VERSION = 1;
				DEVELOPMENT_TEAM = XS5B289466;
				GENERATE_INFOPLIST_FILE = YES;
				INFOPLIST_FILE = mathSolver/Application/Info.plist;
				INFOPLIST_KEY_LSApplicationCategoryType = "public.app-category.finance";
				INFOPLIST_KEY_UIApplicationSupportsIndirectInputEvents = YES;
				INFOPLIST_KEY_UILaunchStoryboardName = LaunchScreen;
				INFOPLIST_KEY_UISupportedInterfaceOrientations = UIInterfaceOrientationPortrait;
				IPHONEOS_DEPLOYMENT_TARGET = 15.0;
				LD_RUNPATH_SEARCH_PATHS = (
					"$(inherited)",
					"@executable_path/Frameworks",
				);
				MARKETING_VERSION = 1.0;
				PRODUCT_BUNDLE_IDENTIFIER = com.ffk.mathSolver;
				PRODUCT_NAME = "$(TARGET_NAME)";
				SWIFT_EMIT_LOC_STRINGS = YES;
				SWIFT_VERSION = 5.0;
				TARGETED_DEVICE_FAMILY = "1,2";
			};
			name = Release;
		};
/* End XCBuildConfiguration section */

/* Begin XCConfigurationList section */
		027BA4CB2CEDFBA500DABD30 /* Build configuration list for PBXProject "mathSolver" */ = {
			isa = XCConfigurationList;
			buildConfigurations = (
				027BA4E22CEDFBA600DABD30 /* Debug */,
				027BA4E32CEDFBA600DABD30 /* Release */,
			);
			defaultConfigurationIsVisible = 0;
			defaultConfigurationName = Release;
		};
		027BA4E42CEDFBA600DABD30 /* Build configuration list for PBXNativeTarget "mathSolver" */ = {
			isa = XCConfigurationList;
			buildConfigurations = (
				027BA4E52CEDFBA600DABD30 /* Debug */,
				027BA4E62CEDFBA600DABD30 /* Release */,
			);
			defaultConfigurationIsVisible = 0;
			defaultConfigurationName = Release;
		};
/* End XCConfigurationList section */

/* Begin XCRemoteSwiftPackageReference section */
		02D5B9802CEE00BE00FECD96 /* XCRemoteSwiftPackageReference "neon-sdk" */ = {
			isa = XCRemoteSwiftPackageReference;
			repositoryURL = "https://github.com/neon-apps/neon-sdk.git";
			requirement = {
				branch = main;
				kind = branch;
			};
		};
/* End XCRemoteSwiftPackageReference section */

/* Begin XCSwiftPackageProductDependency section */
		02D5B9812CEE00BE00FECD96 /* NeonSDK */ = {
			isa = XCSwiftPackageProductDependency;
			package = 02D5B9802CEE00BE00FECD96 /* XCRemoteSwiftPackageReference "neon-sdk" */;
			productName = NeonSDK;
		};
/* End XCSwiftPackageProductDependency section */
	};
	rootObject = 027BA4C82CEDFBA500DABD30 /* Project object */;
}
